
Microsoft Visual Studio Solution File, Format Version 12.00
# Visual Studio 14
VisualStudioVersion = 14.0.25420.1
MinimumVisualStudioVersion = 10.0.40219.1
Project("{FAE04EC0-301F-11D3-BF4B-00C04F79EFBC}") = "MVC7amThundersBatch", "MVC7amThundersBatch\MVC7amThundersBatch.csproj", "{5076A2E1-F575-4B7C-8CB9-FA515F91D5CD}"
EndProject
Project("{FAE04EC0-301F-11D3-BF4B-00C04F79EFBC}") = "AdonetApproach", "AdonetApproach\AdonetApproach.csproj", "{9632ED9E-21F1-43C5-8744-4BAE0F3996C9}"
EndProject
Project("{FAE04EC0-301F-11D3-BF4B-00C04F79EFBC}") = "CodeFirstApproach", "Laundry\CodeFirstApproach.csproj", "{6BD2EB73-EB23-435E-B0E0-81BE0E31FC67}"
EndProject
Project("{FAE04EC0-301F-11D3-BF4B-00C04F79EFBC}") = "DatabaseFirstApproach", "DatabaseFirstApproach\DatabaseFirstApproach.csproj", "{432B2445-A12E-4237-9328-07EA1512636A}"
EndProject
Project("{FAE04EC0-301F-11D3-BF4B-00C04F79EFBC}") = "ModelBasedApproach", "ModelBasedApproach\ModelBasedApproach.csproj", "{2FE7B8E0-CE63-4C60-AAB7-C33E7F643D50}"
EndProject
Project("{FAE04EC0-301F-11D3-BF4B-00C04F79EFBC}") = "HandleErrorExample2", "HandleErrorExample2\HandleErrorExample2.csproj", "{B50B280B-BD6F-4EA7-AD22-51E4B2C51A3C}"
EndProject
Global
	GlobalSection(SolutionConfigurationPlatforms) = preSolution
		Debug|Any CPU = Debug|Any CPU
		Release|Any CPU = Release|Any CPU
	EndGlobalSection
	GlobalSection(ProjectConfigurationPlatforms) = postSolution
		{5076A2E1-F575-4B7C-8CB9-FA515F91D5CD}.Debug|Any CPU.ActiveCfg = Debug|Any CPU
		{5076A2E1-F575-4B7C-8CB9-FA515F91D5CD}.Debug|Any CPU.Build.0 = Debug|Any CPU
		{5076A2E1-F575-4B7C-8CB9-FA515F91D5CD}.Release|Any CPU.ActiveCfg = Release|Any CPU
		{5076A2E1-F575-4B7C-8CB9-FA515F91D5CD}.Release|Any CPU.Build.0 = Release|Any CPU
		{9632ED9E-21F1-43C5-8744-4BAE0F3996C9}.Debug|Any CPU.ActiveCfg = Debug|Any CPU
		{9632ED9E-21F1-43C5-8744-4BAE0F3996C9}.Debug|Any CPU.Build.0 = Debug|Any CPU
		{9632ED9E-21F1-43C5-8744-4BAE0F3996C9}.Release|Any CPU.ActiveCfg = Release|Any CPU
		{9632ED9E-21F1-43C5-8744-4BAE0F3996C9}.Release|Any CPU.Build.0 = Release|Any CPU
		{6BD2EB73-EB23-435E-B0E0-81BE0E31FC67}.Debug|Any CPU.ActiveCfg = Debug|Any CPU
		{6BD2EB73-EB23-435E-B0E0-81BE0E31FC67}.Debug|Any CPU.Build.0 = Debug|Any CPU
		{6BD2EB73-EB23-435E-B0E0-81BE0E31FC67}.Release|Any CPU.ActiveCfg = Release|Any CPU
		{6BD2EB73-EB23-435E-B0E0-81BE0E31FC67}.Release|Any CPU.Build.0 = Release|Any CPU
		{432B2445-A12E-4237-9328-07EA1512636A}.Debug|Any CPU.ActiveCfg = Debug|Any CPU
		{432B2445-A12E-4237-9328-07EA1512636A}.Debug|Any CPU.Build.0 = Debug|Any CPU
		{432B2445-A12E-4237-9328-07EA1512636A}.Release|Any CPU.ActiveCfg = Release|Any CPU
		{432B2445-A12E-4237-9328-07EA1512636A}.Release|Any CPU.Build.0 = Release|Any CPU
		{2FE7B8E0-CE63-4C60-AAB7-C33E7F643D50}.Debug|Any CPU.ActiveCfg = Debug|Any CPU
		{2FE7B8E0-CE63-4C60-AAB7-C33E7F643D50}.Debug|Any CPU.Build.0 = Debug|Any CPU
		{2FE7B8E0-CE63-4C60-AAB7-C33E7F643D50}.Release|Any CPU.ActiveCfg = Release|Any CPU
		{2FE7B8E0-CE63-4C60-AAB7-C33E7F643D50}.Release|Any CPU.Build.0 = Release|Any CPU
		{B50B280B-BD6F-4EA7-AD22-51E4B2C51A3C}.Debug|Any CPU.ActiveCfg = Debug|Any CPU
		{B50B280B-BD6F-4EA7-AD22-51E4B2C51A3C}.Debug|Any CPU.Build.0 = Debug|Any CPU
		{B50B280B-BD6F-4EA7-AD22-51E4B2C51A3C}.Release|Any CPU.ActiveCfg = Release|Any CPU
		{B50B280B-BD6F-4EA7-AD22-51E4B2C51A3C}.Release|Any CPU.Build.0 = Release|Any CPU
	EndGlobalSection
	GlobalSection(SolutionProperties) = preSolution
		HideSolutionNode = FALSE
	EndGlobalSection
EndGlobal
